{
  "name": "plain-store-benchmarks",
  "lockfileVersion": 3,
  "requires": true,
  "packages": {
    "": {
      "name": "plain-store-benchmarks",
      "dependencies": {
        "fast-deep-equal": "3.1.3",
        "jotai": "3.0.1",
        "plain-store": "0.10.0",
        "use-sync-external-store": "1.7.0",
        "zustand": "5.0.15"
      }
    },
    "node_modules/fast-deep-equal": {
      "version": "3.1.3",
      "resolved": "https://registry.npmjs.org/fast-deep-equal/-/fast-deep-equal-3.1.3.tgz",
      "integrity": "sha512-f3qQ9oQy9j2AhBe/H9VC91wLmKBCCU/gDOnKNAYG5hswO7BLKj09Hc5HYNz9cGI++xlpDCIgDaitVs03ATR84Q==",
      "license": "MIT"
    },
    "node_modules/jotai": {
      "version": "3.0.1",
      "resolved": "https://registry.npmjs.org/jotai/-/jotai-3.0.1.tgz",
      "integrity": "sha512-6tS7wY9otdiNp26Wqb/1ds3OuVJVoV+tJlN4hpLrYmfFf/t9bauVt+zKBNSpS5qSl5h6GieVQ+OknVraZX+udQ==",
      "license": "MIT",
      "engines": {
        "node": ">=22.12.0"
      },
      "peerDependencies": {
        "@types/react": ">=18.0.0",
        "react": ">=18.0.0"
      },
      "peerDependenciesMeta": {
        "@types/react": {
          "optional": true
        },
        "react": {
          "optional": true
        }
      }
    },
    "node_modules/plain-store": {
      "version": "0.10.0",
      "resolved": "https://registry.npmjs.org/plain-store/-/plain-store-0.10.0.tgz",
      "integrity": "sha512-tNq/+HqmJ+nwxWNoa7lH4FIHOKYhM+x3/J0dZgT7jGrYxdI7UhEQuno8e6JitqP+Y1MlHsXCnU9P3bv037Yk2w==",
      "peerDependencies": {
        "react": ">=18.0.0"
      }
    },
    "node_modules/use-sync-external-store": {
      "version": "1.7.0",
      "resolved": "https://registry.npmjs.org/use-sync-external-store/-/use-sync-external-store-1.7.0.tgz",
      "integrity": "sha512-6L+EeigHMQhdaIPNIFUKwfWJSwWFQ8gJbJ2DLOs5sDIegTwR9fRxvnM3uciHKjIZhFz+KAv2emhWMRvDmMcY8A==",
      "license": "MIT",
      "peerDependencies": {
        "react": "^16.8.0 || ^17.0.0 || ^18.0.0 || ^19.0.0"
      }
    },
    "node_modules/zustand": {
      "version": "5.0.15",
      "resolved": "https://registry.npmjs.org/zustand/-/zustand-5.0.15.tgz",
      "integrity": "sha512-MpSEjRiBkA9crSYeOUH32rJC7SVqAbm0Fqcqge/bUi2PPoLcBWKOsG+C8mevmpr8TwXHBVkChbbJiyvkE+i/3A==",
      "license": "MIT",
      "engines": {
        "node": ">=12.20.0"
      },
      "peerDependencies": {
        "@types/react": ">=18.0.0",
        "immer": ">=9.0.6",
        "react": ">=18.0.0",
        "use-sync-external-store": ">=1.2.0"
      },
      "peerDependenciesMeta": {
        "@types/react": {
          "optional": true
        },
        "immer": {
          "optional": true
        },
        "react": {
          "optional": true
        },
        "use-sync-external-store": {
          "optional": true
        }
      }
    }
  }
}
